
Microsoft Visual Studio Solution File, Format Version 12.00
# Visual Studio Version 17
VisualStudioVersion = 17.12.35707.178
MinimumVisualStudioVersion = 10.0.40219.1
Project("{FAE04EC0-301F-11D3-BF4B-00C04F79EFBC}") = "RagBasics", "RagBasics\RagBasics.csproj", "{CE14C6AD-86FD-4A16-BC2F-6903FDB7DE6C}"
EndProject
Project("{FAE04EC0-301F-11D3-BF4B-00C04F79EFBC}") = "RAGDemo", "RAGDemo\RAGDemo.csproj", "{B63EC238-C020-7324-A97B-4852BADDE062}"
EndProject
Global
	GlobalSection(SolutionConfigurationPlatforms) = preSolution
		Debug|Any CPU = Debug|Any CPU
		Release|Any CPU = Release|Any CPU
	EndGlobalSection
	GlobalSection(ProjectConfigurationPlatforms) = postSolution
		{CE14C6AD-86FD-4A16-BC2F-6903FDB7DE6C}.Debug|Any CPU.ActiveCfg = Debug|Any CPU
		{CE14C6AD-86FD-4A16-BC2F-6903FDB7DE6C}.Debug|Any CPU.Build.0 = Debug|Any CPU
		{CE14C6AD-86FD-4A16-BC2F-6903FDB7DE6C}.Release|Any CPU.ActiveCfg = Release|Any CPU
		{CE14C6AD-86FD-4A16-BC2F-6903FDB7DE6C}.Release|Any CPU.Build.0 = Release|Any CPU
		{B63EC238-C020-7324-A97B-4852BADDE062}.Debug|Any CPU.ActiveCfg = Debug|Any CPU
		{B63EC238-C020-7324-A97B-4852BADDE062}.Debug|Any CPU.Build.0 = Debug|Any CPU
		{B63EC238-C020-7324-A97B-4852BADDE062}.Release|Any CPU.ActiveCfg = Release|Any CPU
		{B63EC238-C020-7324-A97B-4852BADDE062}.Release|Any CPU.Build.0 = Release|Any CPU
	EndGlobalSection
	GlobalSection(SolutionProperties) = preSolution
		HideSolutionNode = FALSE
	EndGlobalSection
EndGlobal
